{
  "object": {
    "pins": [
      {
        "package": "SharedUIComponents",
        "repositoryURL": "https://github.com/FRisma/SharedUIComponents",
        "state": {
          "branch": null,
          "revision": "adbb5ca07b2339527b9b1ccec65c5a803b257c08",
          "version": "1.0.1"
        }
      }
    ]
  },
  "version": 1
}
